// !$*UTF8*$!
{
	archiveVersion = 1;
	classes = {
	};
	objectVersion = 50;
	objects = {

/* Begin PBXBuildFile section */
		40E936D50CDAF117CFF72C9A /* Pods_Lesson9HW1.framework in Frameworks */ = {isa = PBXBuildFile; fileRef = E60C2E1CD7F0F119BEC2E5B1 /* Pods_Lesson9HW1.framework */; };
		D462ABD7249B5FBB001C0DFC /* AppDelegate.swift in Sources */ = {isa = PBXBuildFile; fileRef = D462ABD6249B5FBB001C0DFC /* AppDelegate.swift */; };
		D462ABD9249B5FBB001C0DFC /* SceneDelegate.swift in Sources */ = {isa = PBXBuildFile; fileRef = D462ABD8249B5FBB001C0DFC /* SceneDelegate.swift */; };
		D462ABDB249B5FBB001C0DFC /* ViewController.swift in Sources */ = {isa = PBXBuildFile; fileRef = D462ABDA249B5FBB001C0DFC /* ViewController.swift */; };
		D462ABDE249B5FBB001C0DFC /* Main.storyboard in Resources */ = {isa = PBXBuildFile; fileRef = D462ABDC249B5FBB001C0DFC /* Main.storyboard */; };
		D462ABE0249B5FBC001C0DFC /* Assets.xcassets in Resources */ = {isa = PBXBuildFile; fileRef = D462ABDF249B5FBC001C0DFC /* Assets.xcassets */; };
		D462ABE3249B5FBC001C0DFC /* LaunchScreen.storyboard in Resources */ = {isa = PBXBuildFile; fileRef = D462ABE1249B5FBC001C0DFC /* LaunchScreen.storyboard */; };
		D462ABEB249B6058001C0DFC /* DataManager.swift in Sources */ = {isa = PBXBuildFile; fileRef = D462ABEA249B6058001C0DFC /* DataManager.swift */; };
/* End PBXBuildFile section */

/* Begin PBXFileReference section */
		6F85055CEB7CB6353A9A285F /* Pods-Lesson9HW1.debug.xcconfig */ = {isa = PBXFileReference; includeInIndex = 1; lastKnownFileType = text.xcconfig; name = "Pods-Lesson9HW1.debug.xcconfig"; path = "Target Support Files/Pods-Lesson9HW1/Pods-Lesson9HW1.debug.xcconfig"; sourceTree = "<group>"; };
		9DAA18C93F7BCC778B4751D9 /* Pods-Lesson9HW1.release.xcconfig */ = {isa = PBXFileReference; includeInIndex = 1; lastKnownFileType = text.xcconfig; name = "Pods-Lesson9HW1.release.xcconfig"; path = "Target Support Files/Pods-Lesson9HW1/Pods-Lesson9HW1.release.xcconfig"; sourceTree = "<group>"; };
		D462ABD3249B5FBB001C0DFC /* Lesson9HW1.app */ = {isa = PBXFileReference; explicitFileType = wrapper.application; includeInIndex = 0; path = Lesson9HW1.app; sourceTree = BUILT_PRODUCTS_DIR; };
		D462ABD6249B5FBB001C0DFC /* AppDelegate.swift */ = {isa = PBXFileReference; lastKnownFileType = sourcecode.swift; path = AppDelegate.swift; sourceTree = "<group>"; };
		D462ABD8249B5FBB001C0DFC /* SceneDelegate.swift */ = {isa = PBXFileReference; lastKnownFileType = sourcecode.swift; path = SceneDelegate.swift; sourceTree = "<group>"; };
		D462ABDA249B5FBB001C0DFC /* ViewController.swift */ = {isa = PBXFileReference; lastKnownFileType = sourcecode.swift; path = ViewController.swift; sourceTree = "<group>"; };
		D462ABDD249B5FBB001C0DFC /* Base */ = {isa = PBXFileReference; lastKnownFileType = file.storyboard; name = Base; path = Base.lproj/Main.storyboard; sourceTree = "<group>"; };
		D462ABDF249B5FBC001C0DFC /* Assets.xcassets */ = {isa = PBXFileReference; lastKnownFileType = folder.assetcatalog; path = Assets.xcassets; sourceTree = "<group>"; };
		D462ABE2249B5FBC001C0DFC /* Base */ = {isa = PBXFileReference; lastKnownFileType = file.storyboard; name = Base; path = Base.lproj/LaunchScreen.storyboard; sourceTree = "<group>"; };
		D462ABE4249B5FBC001C0DFC /* Info.plist */ = {isa = PBXFileReference; lastKnownFileType = text.plist.xml; path = Info.plist; sourceTree = "<group>"; };
		D462ABEA249B6058001C0DFC /* DataManager.swift */ = {isa = PBXFileReference; lastKnownFileType = sourcecode.swift; path = DataManager.swift; sourceTree = "<group>"; };
		E60C2E1CD7F0F119BEC2E5B1 /* Pods_Lesson9HW1.framework */ = {isa = PBXFileReference; explicitFileType = wrapper.framework; includeInIndex = 0; path = Pods_Lesson9HW1.framework; sourceTree = BUILT_PRODUCTS_DIR; };
/* End PBXFileReference section */

/* Begin PBXFrameworksBuildPhase section */
		D462ABD0249B5FBB001C0DFC /* Frameworks */ = {
			isa = PBXFrameworksBuildPhase;
			buildActionMask = 2147483647;
			files = (
				40E936D50CDAF117CFF72C9A /* Pods_Lesson9HW1.framework in Frameworks */,
			);
			runOnlyForDeploymentPostprocessing = 0;
		};
/* End PBXFrameworksBuildPhase section */

/* Begin PBXGroup section */
		1CCFFE718499208CA0FA9261 /* Pods */ = {
			isa = PBXGroup;
			children = (
				6F85055CEB7CB6353A9A285F /* Pods-Lesson9HW1.debug.xcconfig */,
				9DAA18C93F7BCC778B4751D9 /* Pods-Lesson9HW1.release.xcconfig */,
			);
			name = Pods;
			path = Pods;
			sourceTree = "<group>";
		};
		712D9E6113EE8572C61A986D /* Frameworks */ = {
			isa = PBXGroup;
			children = (
				E60C2E1CD7F0F119BEC2E5B1 /* Pods_Lesson9HW1.framework */,
			);
			name = Frameworks;
			sourceTree = "<group>";
		};
		D462ABCA249B5FBB001C0DFC = {
			isa = PBXGroup;
			children = (
				D462ABD5249B5FBB001C0DFC /* Lesson9HW1 */,
				D462ABD4249B5FBB001C0DFC /* Products */,
				1CCFFE718499208CA0FA9261 /* Pods */,
				712D9E6113EE8572C61A986D /* Frameworks */,
			);
			sourceTree = "<group>";
		};
		D462ABD4249B5FBB001C0DFC /* Products */ = {
			isa = PBXGroup;
			children = (
				D462ABD3249B5FBB001C0DFC /* Lesson9HW1.app */,
			);
			name = Products;
			sourceTree = "<group>";
		};
		D462ABD5249B5FBB001C0DFC /* Lesson9HW1 */ = {
			isa = PBXGroup;
			children = (
				D462ABD6249B5FBB001C0DFC /* AppDelegate.swift */,
				D462ABD8249B5FBB001C0DFC /* SceneDelegate.swift */,
				D462ABDA249B5FBB001C0DFC /* ViewController.swift */,
				D462ABEA249B6058001C0DFC /* DataManager.swift */,
				D462ABDC249B5FBB001C0DFC /* Main.storyboard */,
				D462ABDF249B5FBC001C0DFC /* Assets.xcassets */,
				D462ABE1249B5FBC001C0DFC /* LaunchScreen.storyboard */,
				D462ABE4249B5FBC001C0DFC /* Info.plist */,
			);
			path = Lesson9HW1;
			sourceTree = "<group>";
		};
/* End PBXGroup section */

/* Begin PBXNativeTarget section */
		D462ABD2249B5FBB001C0DFC /* Lesson9HW1 */ = {
			isa = PBXNativeTarget;
			buildConfigurationList = D462ABE7249B5FBC001C0DFC /* Build configuration list for PBXNativeTarget "Lesson9HW1" */;
			buildPhases = (
				055735EAABD32914822A112A /* [CP] Check Pods Manifest.lock */,
				D462ABCF249B5FBB001C0DFC /* Sources */,
				D462ABD0249B5FBB001C0DFC /* Frameworks */,
				D462ABD1249B5FBB001C0DFC /* Resources */,
				8081C7B05457069B6AD43563 /* [CP] Embed Pods Frameworks */,
			);
			buildRules = (
			);
			dependencies = (
			);
			name = Lesson9HW1;
			productName = Lesson9HW1;
			productReference = D462ABD3249B5FBB001C0DFC /* Lesson9HW1.app */;
			productType = "com.apple.product-type.application";
		};
/* End PBXNativeTarget section */

/* Begin PBXProject section */
		D462ABCB249B5FBB001C0DFC /* Project object */ = {
			isa = PBXProject;
			attributes = {
				LastSwiftUpdateCheck = 1150;
				LastUpgradeCheck = 1150;
				ORGANIZATIONNAME = Vladimir;
				TargetAttributes = {
					D462ABD2249B5FBB001C0DFC = {
						CreatedOnToolsVersion = 11.5;
					};
				};
			};
			buildConfigurationList = D462ABCE249B5FBB001C0DFC /* Build configuration list for PBXProject "Lesson9HW1" */;
			compatibilityVersion = "Xcode 9.3";
			developmentRegion = en;
			hasScannedForEncodings = 0;
			knownRegions = (
				en,
				Base,
			);
			mainGroup = D462ABCA249B5FBB001C0DFC;
			productRefGroup = D462ABD4249B5FBB001C0DFC /* Products */;
			projectDirPath = "";
			projectRoot = "";
			targets = (
				D462ABD2249B5FBB001C0DFC /* Lesson9HW1 */,
			);
		};
/* End PBXProject section */

/* Begin PBXResourcesBuildPhase section */
		D462ABD1249B5FBB001C0DFC /* Resources */ = {
			isa = PBXResourcesBuildPhase;
			buildActionMask = 2147483647;
			files = (
				D462ABE3249B5FBC001C0DFC /* LaunchScreen.storyboard in Resources */,
				D462ABE0249B5FBC001C0DFC /* Assets.xcassets in Resources */,
				D462ABDE249B5FBB001C0DFC /* Main.storyboard in Resources */,
			);
			runOnlyForDeploymentPostprocessing = 0;
		};
/* End PBXResourcesBuildPhase section */

/* Begin PBXShellScriptBuildPhase section */
		055735EAABD32914822A112A /* [CP] Check Pods Manifest.lock */ = {
			isa = PBXShellScriptBuildPhase;
			buildActionMask = 2147483647;
			files = (
			);
			inputFileListPaths = (
			);
			inputPaths = (
				"${PODS_PODFILE_DIR_PATH}/Podfile.lock",
				"${PODS_ROOT}/Manifest.lock",
			);
			name = "[CP] Check Pods Manifest.lock";
			outputFileListPaths = (
			);
			outputPaths = (
				"$(DERIVED_FILE_DIR)/Pods-Lesson9HW1-checkManifestLockResult.txt",
			);
			runOnlyForDeploymentPostprocessing = 0;
			shellPath = /bin/sh;
			shellScript = "diff \"${PODS_PODFILE_DIR_PATH}/Podfile.lock\" \"${PODS_ROOT}/Manifest.lock\" > /dev/null\nif [ $? != 0 ] ; then\n    # print error to STDERR\n    echo \"error: The sandbox is not in sync with the Podfile.lock. Run 'pod install' or update your CocoaPods installation.\" >&2\n    exit 1\nfi\n# This output is used by Xcode 'outputs' to avoid re-running this script phase.\necho \"SUCCESS\" > \"${SCRIPT_OUTPUT_FILE_0}\"\n";
			showEnvVarsInLog = 0;
		};
		8081C7B05457069B6AD43563 /* [CP] Embed Pods Frameworks */ = {
			isa = PBXShellScriptBuildPhase;
			buildActionMask = 2147483647;
			files = (
			);
			inputFileListPaths = (
				"${PODS_ROOT}/Target Support Files/Pods-Lesson9HW1/Pods-Lesson9HW1-frameworks-${CONFIGURATION}-input-files.xcfilelist",
			);
			name = "[CP] Embed Pods Frameworks";
			outputFileListPaths = (
				"${PODS_ROOT}/Target Support Files/Pods-Lesson9HW1/Pods-Lesson9HW1-frameworks-${CONFIGURATION}-output-files.xcfilelist",
			);
			runOnlyForDeploymentPostprocessing = 0;
			shellPath = /bin/sh;
			shellScript = "\"${PODS_ROOT}/Target Support Files/Pods-Lesson9HW1/Pods-Lesson9HW1-frameworks.sh\"\n";
			showEnvVarsInLog = 0;
		};
/* End PBXShellScriptBuildPhase section */

/* Begin PBXSourcesBuildPhase section */
		D462ABCF249B5FBB001C0DFC /* Sources */ = {
			isa = PBXSourcesBuildPhase;
			buildActionMask = 2147483647;
			files = (
				D462ABDB249B5FBB001C0DFC /* ViewController.swift in Sources */,
				D462ABEB249B6058001C0DFC /* DataManager.swift in Sources */,
				D462ABD7249B5FBB001C0DFC /* AppDelegate.swift in Sources */,
				D462ABD9249B5FBB001C0DFC /* SceneDelegate.swift in Sources */,
			);
			runOnlyForDeploymentPostprocessing = 0;
		};
/* End PBXSourcesBuildPhase section */

/* Begin PBXVariantGroup section */
		D462ABDC249B5FBB001C0DFC /* Main.storyboard */ = {
			isa = PBXVariantGroup;
			children = (
				D462ABDD249B5FBB001C0DFC /* Base */,
			);
			name = Main.storyboard;
			sourceTree = "<group>";
		};
		D462ABE1249B5FBC001C0DFC /* LaunchScreen.storyboard */ = {
			isa = PBXVariantGroup;
			children = (
				D462ABE2249B5FBC001C0DFC /* Base */,
			);
			name = LaunchScreen.storyboard;
			sourceTree = "<group>";
		};
/* End PBXVariantGroup section */

/* Begin XCBuildConfiguration section */
		D462ABE5249B5FBC001C0DFC /* Debug */ = {
			isa = XCBuildConfiguration;
			buildSettings = {
				ALWAYS_SEARCH_USER_PATHS = NO;
				CLANG_ANALYZER_NONNULL = YES;
				CLANG_ANALYZER_NUMBER_OBJECT_CONVERSION = YES_AGGRESSIVE;
				CLANG_CXX_LANGUAGE_STANDARD = "gnu++14";
				CLANG_CXX_LIBRARY = "libc++";
				CLANG_ENABLE_MODULES = YES;
				CLANG_ENABLE_OBJC_ARC = YES;
				CLANG_ENABLE_OBJC_WEAK = YES;
				CLANG_WARN_BLOCK_CAPTURE_AUTORELEASING = YES;
				CLANG_WARN_BOOL_CONVERSION = YES;
				CLANG_WARN_COMMA = YES;
				CLANG_WARN_CONSTANT_CONVERSION = YES;
				CLANG_WARN_DEPRECATED_OBJC_IMPLEMENTATIONS = YES;
				CLANG_WARN_DIRECT_OBJC_ISA_USAGE = YES_ERROR;
				CLANG_WARN_DOCUMENTATION_COMMENTS = YES;
				CLANG_WARN_EMPTY_BODY = YES;
				CLANG_WARN_ENUM_CONVERSION = YES;
				CLANG_WARN_INFINITE_RECURSION = YES;
				CLANG_WARN_INT_CONVERSION = YES;
				CLANG_WARN_NON_LITERAL_NULL_CONVERSION = YES;
				CLANG_WARN_OBJC_IMPLICIT_RETAIN_SELF = YES;
				CLANG_WARN_OBJC_LITERAL_CONVERSION = YES;
				CLANG_WARN_OBJC_ROOT_CLASS = YES_ERROR;
				CLANG_WARN_RANGE_LOOP_ANALYSIS = YES;
				CLANG_WARN_STRICT_PROTOTYPES = YES;
				CLANG_WARN_SUSPICIOUS_MOVE = YES;
				CLANG_WARN_UNGUARDED_AVAILABILITY = YES_AGGRESSIVE;
				CLANG_WARN_UNREACHABLE_CODE = YES;
				CLANG_WARN__DUPLICATE_METHOD_MATCH = YES;
				COPY_PHASE_STRIP = NO;
				DEBUG_INFORMATION_FORMAT = dwarf;
				ENABLE_STRICT_OBJC_MSGSEND = YES;
				ENABLE_TESTABILITY = YES;
				GCC_C_LANGUAGE_STANDARD = gnu11;
				GCC_DYNAMIC_NO_PIC = NO;
				GCC_NO_COMMON_BLOCKS = YES;
				GCC_OPTIMIZATION_LEVEL = 0;
				GCC_PREPROCESSOR_DEFINITIONS = (
					"DEBUG=1",
					"$(inherited)",
				);
				GCC_WARN_64_TO_32_BIT_CONVERSION = YES;
				GCC_WARN_ABOUT_RETURN_TYPE = YES_ERROR;
				GCC_WARN_UNDECLARED_SELECTOR = YES;
				GCC_WARN_UNINITIALIZED_AUTOS = YES_AGGRESSIVE;
				GCC_WARN_UNUSED_FUNCTION = YES;
				GCC_WARN_UNUSED_VARIABLE = YES;
				IPHONEOS_DEPLOYMENT_TARGET = 13.5;
				MTL_ENABLE_DEBUG_INFO = INCLUDE_SOURCE;
				MTL_FAST_MATH = YES;
				ONLY_ACTIVE_ARCH = YES;
				SDKROOT = iphoneos;
				SWIFT_ACTIVE_COMPILATION_CONDITIONS = DEBUG;
				SWIFT_OPTIMIZATION_LEVEL = "-Onone";
			};
			name = Debug;
		};
		D462ABE6249B5FBC001C0DFC /* Release */ = {
			isa = XCBuildConfiguration;
			buildSettings = {
				ALWAYS_SEARCH_USER_PATHS = NO;
				CLANG_ANALYZER_NONNULL = YES;
				CLANG_ANALYZER_NUMBER_OBJECT_CONVERSION = YES_AGGRESSIVE;
				CLANG_CXX_LANGUAGE_STANDARD = "gnu++14";
				CLANG_CXX_LIBRARY = "libc++";
				CLANG_ENABLE_MODULES = YES;
				CLANG_ENABLE_OBJC_ARC = YES;
				CLANG_ENABLE_OBJC_WEAK = YES;
				CLANG_WARN_BLOCK_CAPTURE_AUTORELEASING = YES;
				CLANG_WARN_BOOL_CONVERSION = YES;
				CLANG_WARN_COMMA = YES;
				CLANG_WARN_CONSTANT_CONVERSION = YES;
				CLANG_WARN_DEPRECATED_OBJC_IMPLEMENTATIONS = YES;
				CLANG_WARN_DIRECT_OBJC_ISA_USAGE = YES_ERROR;
				CLANG_WARN_DOCUMENTATION_COMMENTS = YES;
				CLANG_WARN_EMPTY_BODY = YES;
				CLANG_WARN_ENUM_CONVERSION = YES;
				CLANG_WARN_INFINITE_RECURSION = YES;
				CLANG_WARN_INT_CONVERSION = YES;
				CLANG_WARN_NON_LITERAL_NULL_CONVERSION = YES;
				CLANG_WARN_OBJC_IMPLICIT_RETAIN_SELF = YES;
				CLANG_WARN_OBJC_LITERAL_CONVERSION = YES;
				CLANG_WARN_OBJC_ROOT_CLASS = YES_ERROR;
				CLANG_WARN_RANGE_LOOP_ANALYSIS = YES;
				CLANG_WARN_STRICT_PROTOTYPES = YES;
				CLANG_WARN_SUSPICIOUS_MOVE = YES;
				CLANG_WARN_UNGUARDED_AVAILABILITY = YES_AGGRESSIVE;
				CLANG_WARN_UNREACHABLE_CODE = YES;
				CLANG_WARN__DUPLICATE_METHOD_MATCH = YES;
				COPY_PHASE_STRIP = NO;
				DEBUG_INFORMATION_FORMAT = "dwarf-with-dsym";
				ENABLE_NS_ASSERTIONS = NO;
				ENABLE_STRICT_OBJC_MSGSEND = YES;
				GCC_C_LANGUAGE_STANDARD = gnu11;
				GCC_NO_COMMON_BLOCKS = YES;
				GCC_WARN_64_TO_32_BIT_CONVERSION = YES;
				GCC_WARN_ABOUT_RETURN_TYPE = YES_ERROR;
				GCC_WARN_UNDECLARED_SELECTOR = YES;
				GCC_WARN_UNINITIALIZED_AUTOS = YES_AGGRESSIVE;
				GCC_WARN_UNUSED_FUNCTION = YES;
				GCC_WARN_UNUSED_VARIABLE = YES;
				IPHONEOS_DEPLOYMENT_TARGET = 13.5;
				MTL_ENABLE_DEBUG_INFO = NO;
				MTL_FAST_MATH = YES;
				SDKROOT = iphoneos;
				SWIFT_COMPILATION_MODE = wholemodule;
				SWIFT_OPTIMIZATION_LEVEL = "-O";
				VALIDATE_PRODUCT = YES;
			};
			name = Release;
		};
		D462ABE8249B5FBC001C0DFC /* Debug */ = {
			isa = XCBuildConfiguration;
			baseConfigurationReference = 6F85055CEB7CB6353A9A285F /* Pods-Lesson9HW1.debug.xcconfig */;
			buildSettings = {
				ASSETCATALOG_COMPILER_APPICON_NAME = AppIcon;
				CODE_SIGN_STYLE = Automatic;
				DEVELOPMENT_TEAM = 883VHW277J;
				INFOPLIST_FILE = Lesson9HW1/Info.plist;
				IPHONEOS_DEPLOYMENT_TARGET = 13.0;
				LD_RUNPATH_SEARCH_PATHS = (
					"$(inherited)",
					"@executable_path/Frameworks",
				);
				PRODUCT_BUNDLE_IDENTIFIER = ru.swiftbookwebinars214va.Lesson9HW1;
				PRODUCT_NAME = "$(TARGET_NAME)";
				SWIFT_VERSION = 5.0;
				TARGETED_DEVICE_FAMILY = "1,2";
			};
			name = Debug;
		};
		D462ABE9249B5FBC001C0DFC /* Release */ = {
			isa = XCBuildConfiguration;
			baseConfigurationReference = 9DAA18C93F7BCC778B4751D9 /* Pods-Lesson9HW1.release.xcconfig */;
			buildSettings = {
				ASSETCATALOG_COMPILER_APPICON_NAME = AppIcon;
				CODE_SIGN_STYLE = Automatic;
				DEVELOPMENT_TEAM = 883VHW277J;
				INFOPLIST_FILE = Lesson9HW1/Info.plist;
				IPHONEOS_DEPLOYMENT_TARGET = 13.0;
				LD_RUNPATH_SEARCH_PATHS = (
					"$(inherited)",
					"@executable_path/Frameworks",
				);
				PRODUCT_BUNDLE_IDENTIFIER = ru.swiftbookwebinars214va.Lesson9HW1;
				PRODUCT_NAME = "$(TARGET_NAME)";
				SWIFT_VERSION = 5.0;
				TARGETED_DEVICE_FAMILY = "1,2";
			};
			name = Release;
		};
/* End XCBuildConfiguration section */

/* Begin XCConfigurationList section */
		D462ABCE249B5FBB001C0DFC /* Build configuration list for PBXProject "Lesson9HW1" */ = {
			isa = XCConfigurationList;
			buildConfigurations = (
				D462ABE5249B5FBC001C0DFC /* Debug */,
				D462ABE6249B5FBC001C0DFC /* Release */,
			);
			defaultConfigurationIsVisible = 0;
			defaultConfigurationName = Release;
		};
		D462ABE7249B5FBC001C0DFC /* Build configuration list for PBXNativeTarget "Lesson9HW1" */ = {
			isa = XCConfigurationList;
			buildConfigurations = (
				D462ABE8249B5FBC001C0DFC /* Debug */,
				D462ABE9249B5FBC001C0DFC /* Release */,
			);
			defaultConfigurationIsVisible = 0;
			defaultConfigurationName = Release;
		};
/* End XCConfigurationList section */
	};
	rootObject = D462ABCB249B5FBB001C0DFC /* Project object */;
}
